
Microsoft Visual Studio Solution File, Format Version 12.00
# Visual Studio Version 16
VisualStudioVersion = 16.0.29306.81
MinimumVisualStudioVersion = 10.0.40219.1
Project("{FAE04EC0-301F-11D3-BF4B-00C04F79EFBC}") = "AoE", "AoE\AoE.csproj", "{0EFB148C-C89F-4CF3-AB18-227B3D00A951}"
EndProject
Global
	GlobalSection(SolutionConfigurationPlatforms) = preSolution
		Debug|Any CPU = Debug|Any CPU
		Release|Any CPU = Release|Any CPU
	EndGlobalSection
	GlobalSection(ProjectConfigurationPlatforms) = postSolution
		{0EFB148C-C89F-4CF3-AB18-227B3D00A951}.Debug|Any CPU.ActiveCfg = Debug|Any CPU
		{0EFB148C-C89F-4CF3-AB18-227B3D00A951}.Debug|Any CPU.Build.0 = Debug|Any CPU
		{0EFB148C-C89F-4CF3-AB18-227B3D00A951}.Release|Any CPU.ActiveCfg = Release|Any CPU
		{0EFB148C-C89F-4CF3-AB18-227B3D00A951}.Release|Any CPU.Build.0 = Release|Any CPU
	EndGlobalSection
	GlobalSection(SolutionProperties) = preSolution
		HideSolutionNode = FALSE
	EndGlobalSection
	GlobalSection(ExtensibilityGlobals) = postSolution
		SolutionGuid = {2C987966-207A-48D7-8DF0-9AA1B53D55E6}
	EndGlobalSection
EndGlobal
